{
  "name": "garbify",
  "version": "1.0.0",
  "lockfileVersion": 2,
  "requires": true,
  "packages": {
    "": {
      "name": "garbify",
      "version": "1.0.0",
      "license": "ISC",
      "dependencies": {
        "js-base64": "^3.6.0"
      }
    },
    "node_modules/js-base64": {
      "version": "3.6.0",
      "resolved": "https://registry.npm.taobao.org/js-base64/download/js-base64-3.6.0.tgz?cache=0&sync_timestamp=1604450430432&other_urls=https%3A%2F%2Fregistry.npm.taobao.org%2Fjs-base64%2Fdownload%2Fjs-base64-3.6.0.tgz",
      "integrity": "sha1-dz4d5ij08pjWWn6YQsUCRHUfV1Y="
    }
  },
  "dependencies": {
    "js-base64": {
      "version": "3.6.0",
      "resolved": "https://registry.npm.taobao.org/js-base64/download/js-base64-3.6.0.tgz?cache=0&sync_timestamp=1604450430432&other_urls=https%3A%2F%2Fregistry.npm.taobao.org%2Fjs-base64%2Fdownload%2Fjs-base64-3.6.0.tgz",
      "integrity": "sha1-dz4d5ij08pjWWn6YQsUCRHUfV1Y="
    }
  }
}
